        "circomlib": "^2.0.5",{
  "name": "zk-starter",
  "version": "1.0.0",
  "lockfileVersion": 2,
  "requires": true,
  "packages": {
    "": {
      "name": "zk-starter",
      "version": "1.0.0",
      "license": "ISC",
      "dependencies": {
        "@openzeppelin/contracts": "^4.8.1",
        "chai": "^4.3.7",
        "circom_tester": "^0.0.19",
        "circomlib": "^2.0.5",
        "dotenv": "^16.0.3",
        "mocha": "^10.2.0",
        "snarkjs": "0.4.22"
      },
      "devDependencies": {
        "hardhat": "^2.12.2"
      }
    },
    "node_modules/@ethersproject/abi": {
      "version": "5.7.0",
      "resolved": "https://registry.npmjs.org/@ethersproject/abi/-/abi-5.7.0.tgz",
      "integrity": "sha512-351ktp42TiRcYB3H1OP8yajPeAQstMW/yCFokj/AthP9bLHzQFPlOrxOcwYEDkUAICmOHljvN4K39OMTMUa9RA==",
